
Microsoft Visual Studio Solution File, Format Version 11.00
# Visual C# Express 2010
Project("{FAE04EC0-301F-11D3-BF4B-00C04F79EFBC}") = "StockTech", "StockTech\StockTech.csproj", "{91BBC69E-03BC-4AC1-832D-5D047B884598}"
EndProject
Global
	GlobalSection(SolutionConfigurationPlatforms) = preSolution
		Debug|x86 = Debug|x86
		Release|x86 = Release|x86
	EndGlobalSection
	GlobalSection(ProjectConfigurationPlatforms) = postSolution
		{91BBC69E-03BC-4AC1-832D-5D047B884598}.Debug|x86.ActiveCfg = Debug|x86
		{91BBC69E-03BC-4AC1-832D-5D047B884598}.Debug|x86.Build.0 = Debug|x86
		{91BBC69E-03BC-4AC1-832D-5D047B884598}.Release|x86.ActiveCfg = Release|x86
		{91BBC69E-03BC-4AC1-832D-5D047B884598}.Release|x86.Build.0 = Release|x86
	EndGlobalSection
	GlobalSection(SolutionProperties) = preSolution
		HideSolutionNode = FALSE
	EndGlobalSection
EndGlobal
